
Microsoft Visual Studio Solution File, Format Version 12.00
# Visual Studio Version 17
VisualStudioVersion = 17.10.35122.118
MinimumVisualStudioVersion = 10.0.40219.1
Project("{9A19103F-16F7-4668-BE54-9A1E7A4F7556}") = "LibraryApp", "LibraryApp\LibraryApp.csproj", "{4D99496A-759B-42A2-BD7F-482F8EF3761D}"
EndProject
Project("{9A19103F-16F7-4668-BE54-9A1E7A4F7556}") = "LibraryAppUnitTest", "LibraryAppUnitTest\LibraryAppUnitTest.csproj", "{A37E3829-2A85-408E-B451-83837A0B8B95}"
EndProject
Project("{2150E333-8FDC-42A3-9474-1A3956D46DE8}") = "Avalonia", "Avalonia", "{91C0A31B-1651-42DB-B227-929316CC4D58}"
EndProject
Project("{2150E333-8FDC-42A3-9474-1A3956D46DE8}") = "WindowsForms", "WindowsForms", "{23B02190-8A11-4D8F-BEF3-8EDE11FD98A7}"
EndProject
Project("{2150E333-8FDC-42A3-9474-1A3956D46DE8}") = "UnitTest", "UnitTest", "{206F22D7-22D0-48F1-AC51-BE3D73AF5035}"
EndProject
Project("{9A19103F-16F7-4668-BE54-9A1E7A4F7556}") = "DIYThursdayUnitTest", "DIYThursdayUnitTest\DIYThursdayUnitTest.csproj", "{29D77FAD-C851-4624-A6D5-8432966E9CC2}"
EndProject
Project("{2150E333-8FDC-42A3-9474-1A3956D46DE8}") = "ClassLibraries", "ClassLibraries", "{94020D41-38A8-46BC-B95B-063468D42489}"
EndProject
Project("{9A19103F-16F7-4668-BE54-9A1E7A4F7556}") = "DIYThursdayCollections", "DIYThursdayCollections\DIYThursdayCollections.csproj", "{A4AFA05A-7FE6-4AB6-8EEF-06D50EDCF4D5}"
EndProject
Project("{9A19103F-16F7-4668-BE54-9A1E7A4F7556}") = "DIY2WinForm", "DIY2WinForm\DIY2WinForm.csproj", "{6DF052AE-D229-4D09-89EE-F98351451141}"
EndProject
Project("{9A19103F-16F7-4668-BE54-9A1E7A4F7556}") = "AvaloniaTest", "AvaloniaTest\AvaloniaTest.csproj", "{010D6E6D-2CE8-438D-84B6-41D4F863ACF3}"
EndProject
Project("{9A19103F-16F7-4668-BE54-9A1E7A4F7556}") = "AvaloniaPad", "AvaloniaPad\AvaloniaPad.csproj", "{451F8A56-7570-4A07-AAB8-B25416CE0B31}"
EndProject
Project("{9A19103F-16F7-4668-BE54-9A1E7A4F7556}") = "AvaloniaMVVM", "AvaloniaMVVM\AvaloniaMVVM.csproj", "{03841E2E-AE25-4208-BC61-629D564E7267}"
EndProject
Project("{2150E333-8FDC-42A3-9474-1A3956D46DE8}") = "ConsoleApplication", "ConsoleApplication", "{2571F6C5-D497-4EFF-BC08-97137DC029B0}"
EndProject
Project("{FAE04EC0-301F-11D3-BF4B-00C04F79EFBC}") = "AsyncTest", "AsyncTest\AsyncTest.csproj", "{D741E1EB-FAE1-413D-8304-7800B33AC5C0}"
EndProject
Global
	GlobalSection(SolutionConfigurationPlatforms) = preSolution
		Debug|Any CPU = Debug|Any CPU
		Release|Any CPU = Release|Any CPU
	EndGlobalSection
	GlobalSection(ProjectConfigurationPlatforms) = postSolution
		{4D99496A-759B-42A2-BD7F-482F8EF3761D}.Debug|Any CPU.ActiveCfg = Debug|Any CPU
		{4D99496A-759B-42A2-BD7F-482F8EF3761D}.Debug|Any CPU.Build.0 = Debug|Any CPU
		{4D99496A-759B-42A2-BD7F-482F8EF3761D}.Release|Any CPU.ActiveCfg = Release|Any CPU
		{4D99496A-759B-42A2-BD7F-482F8EF3761D}.Release|Any CPU.Build.0 = Release|Any CPU
		{A37E3829-2A85-408E-B451-83837A0B8B95}.Debug|Any CPU.ActiveCfg = Debug|Any CPU
		{A37E3829-2A85-408E-B451-83837A0B8B95}.Debug|Any CPU.Build.0 = Debug|Any CPU
		{A37E3829-2A85-408E-B451-83837A0B8B95}.Release|Any CPU.ActiveCfg = Release|Any CPU
		{A37E3829-2A85-408E-B451-83837A0B8B95}.Release|Any CPU.Build.0 = Release|Any CPU
		{29D77FAD-C851-4624-A6D5-8432966E9CC2}.Debug|Any CPU.ActiveCfg = Debug|Any CPU
		{29D77FAD-C851-4624-A6D5-8432966E9CC2}.Debug|Any CPU.Build.0 = Debug|Any CPU
		{29D77FAD-C851-4624-A6D5-8432966E9CC2}.Release|Any CPU.ActiveCfg = Release|Any CPU
		{29D77FAD-C851-4624-A6D5-8432966E9CC2}.Release|Any CPU.Build.0 = Release|Any CPU
		{A4AFA05A-7FE6-4AB6-8EEF-06D50EDCF4D5}.Debug|Any CPU.ActiveCfg = Debug|Any CPU
		{A4AFA05A-7FE6-4AB6-8EEF-06D50EDCF4D5}.Debug|Any CPU.Build.0 = Debug|Any CPU
		{A4AFA05A-7FE6-4AB6-8EEF-06D50EDCF4D5}.Release|Any CPU.ActiveCfg = Release|Any CPU
		{A4AFA05A-7FE6-4AB6-8EEF-06D50EDCF4D5}.Release|Any CPU.Build.0 = Release|Any CPU
		{6DF052AE-D229-4D09-89EE-F98351451141}.Debug|Any CPU.ActiveCfg = Debug|Any CPU
		{6DF052AE-D229-4D09-89EE-F98351451141}.Debug|Any CPU.Build.0 = Debug|Any CPU
		{6DF052AE-D229-4D09-89EE-F98351451141}.Release|Any CPU.ActiveCfg = Release|Any CPU
		{6DF052AE-D229-4D09-89EE-F98351451141}.Release|Any CPU.Build.0 = Release|Any CPU
		{010D6E6D-2CE8-438D-84B6-41D4F863ACF3}.Debug|Any CPU.ActiveCfg = Debug|Any CPU
		{010D6E6D-2CE8-438D-84B6-41D4F863ACF3}.Debug|Any CPU.Build.0 = Debug|Any CPU
		{010D6E6D-2CE8-438D-84B6-41D4F863ACF3}.Release|Any CPU.ActiveCfg = Release|Any CPU
		{010D6E6D-2CE8-438D-84B6-41D4F863ACF3}.Release|Any CPU.Build.0 = Release|Any CPU
		{451F8A56-7570-4A07-AAB8-B25416CE0B31}.Debug|Any CPU.ActiveCfg = Debug|Any CPU
		{451F8A56-7570-4A07-AAB8-B25416CE0B31}.Debug|Any CPU.Build.0 = Debug|Any CPU
		{451F8A56-7570-4A07-AAB8-B25416CE0B31}.Release|Any CPU.ActiveCfg = Release|Any CPU
		{451F8A56-7570-4A07-AAB8-B25416CE0B31}.Release|Any CPU.Build.0 = Release|Any CPU
		{03841E2E-AE25-4208-BC61-629D564E7267}.Debug|Any CPU.ActiveCfg = Debug|Any CPU
		{03841E2E-AE25-4208-BC61-629D564E7267}.Debug|Any CPU.Build.0 = Debug|Any CPU
		{03841E2E-AE25-4208-BC61-629D564E7267}.Release|Any CPU.ActiveCfg = Release|Any CPU
		{03841E2E-AE25-4208-BC61-629D564E7267}.Release|Any CPU.Build.0 = Release|Any CPU
		{D741E1EB-FAE1-413D-8304-7800B33AC5C0}.Debug|Any CPU.ActiveCfg = Debug|Any CPU
		{D741E1EB-FAE1-413D-8304-7800B33AC5C0}.Debug|Any CPU.Build.0 = Debug|Any CPU
		{D741E1EB-FAE1-413D-8304-7800B33AC5C0}.Release|Any CPU.ActiveCfg = Release|Any CPU
		{D741E1EB-FAE1-413D-8304-7800B33AC5C0}.Release|Any CPU.Build.0 = Release|Any CPU
	EndGlobalSection
	GlobalSection(SolutionProperties) = preSolution
		HideSolutionNode = FALSE
	EndGlobalSection
	GlobalSection(NestedProjects) = preSolution
		{4D99496A-759B-42A2-BD7F-482F8EF3761D} = {23B02190-8A11-4D8F-BEF3-8EDE11FD98A7}
		{A37E3829-2A85-408E-B451-83837A0B8B95} = {206F22D7-22D0-48F1-AC51-BE3D73AF5035}
		{29D77FAD-C851-4624-A6D5-8432966E9CC2} = {206F22D7-22D0-48F1-AC51-BE3D73AF5035}
		{A4AFA05A-7FE6-4AB6-8EEF-06D50EDCF4D5} = {94020D41-38A8-46BC-B95B-063468D42489}
		{6DF052AE-D229-4D09-89EE-F98351451141} = {23B02190-8A11-4D8F-BEF3-8EDE11FD98A7}
		{010D6E6D-2CE8-438D-84B6-41D4F863ACF3} = {91C0A31B-1651-42DB-B227-929316CC4D58}
		{451F8A56-7570-4A07-AAB8-B25416CE0B31} = {91C0A31B-1651-42DB-B227-929316CC4D58}
		{03841E2E-AE25-4208-BC61-629D564E7267} = {91C0A31B-1651-42DB-B227-929316CC4D58}
		{D741E1EB-FAE1-413D-8304-7800B33AC5C0} = {2571F6C5-D497-4EFF-BC08-97137DC029B0}
	EndGlobalSection
	GlobalSection(ExtensibilityGlobals) = postSolution
		SolutionGuid = {5AB10D60-0E8E-4DEA-83F1-022C22D6D720}
	EndGlobalSection
EndGlobal
